
Microsoft Visual Studio Solution File, Format Version 12.00
# Visual Studio Version 16
VisualStudioVersion = 16.0.30413.136
MinimumVisualStudioVersion = 10.0.40219.1
Project("{FAE04EC0-301F-11D3-BF4B-00C04F79EFBC}") = "EtecFlixApp.Android", "EtecFlixApp.Android\EtecFlixApp.Android.csproj", "{AA298BD8-61D9-4930-84A3-324DB03DD051}"
EndProject
Project("{FAE04EC0-301F-11D3-BF4B-00C04F79EFBC}") = "EtecFlixApp.iOS", "EtecFlixApp.iOS\EtecFlixApp.iOS.csproj", "{3869AD70-E58E-4544-8AF3-4E2536408AF7}"
EndProject
Project("{FAE04EC0-301F-11D3-BF4B-00C04F79EFBC}") = "EtecFlixApp", "EtecFlixApp\EtecFlixApp.csproj", "{E389E816-F04A-458E-B047-F3AB1B2C06E6}"
EndProject
Global
	GlobalSection(SolutionConfigurationPlatforms) = preSolution
		Debug|Any CPU = Debug|Any CPU
		Debug|iPhone = Debug|iPhone
		Debug|iPhoneSimulator = Debug|iPhoneSimulator
		Release|Any CPU = Release|Any CPU
		Release|iPhone = Release|iPhone
		Release|iPhoneSimulator = Release|iPhoneSimulator
	EndGlobalSection
	GlobalSection(ProjectConfigurationPlatforms) = postSolution
		{AA298BD8-61D9-4930-84A3-324DB03DD051}.Debug|Any CPU.ActiveCfg = Debug|Any CPU
		{AA298BD8-61D9-4930-84A3-324DB03DD051}.Debug|Any CPU.Build.0 = Debug|Any CPU
		{AA298BD8-61D9-4930-84A3-324DB03DD051}.Debug|Any CPU.Deploy.0 = Debug|Any CPU
		{AA298BD8-61D9-4930-84A3-324DB03DD051}.Debug|iPhone.ActiveCfg = Debug|Any CPU
		{AA298BD8-61D9-4930-84A3-324DB03DD051}.Debug|iPhone.Build.0 = Debug|Any CPU
		{AA298BD8-61D9-4930-84A3-324DB03DD051}.Debug|iPhone.Deploy.0 = Debug|Any CPU
		{AA298BD8-61D9-4930-84A3-324DB03DD051}.Debug|iPhoneSimulator.ActiveCfg = Debug|Any CPU
		{AA298BD8-61D9-4930-84A3-324DB03DD051}.Debug|iPhoneSimulator.Build.0 = Debug|Any CPU
		{AA298BD8-61D9-4930-84A3-324DB03DD051}.Debug|iPhoneSimulator.Deploy.0 = Debug|Any CPU
		{AA298BD8-61D9-4930-84A3-324DB03DD051}.Release|Any CPU.ActiveCfg = Release|Any CPU
		{AA298BD8-61D9-4930-84A3-324DB03DD051}.Release|Any CPU.Build.0 = Release|Any CPU
		{AA298BD8-61D9-4930-84A3-324DB03DD051}.Release|Any CPU.Deploy.0 = Release|Any CPU
		{AA298BD8-61D9-4930-84A3-324DB03DD051}.Release|iPhone.ActiveCfg = Release|Any CPU
		{AA298BD8-61D9-4930-84A3-324DB03DD051}.Release|iPhone.Build.0 = Release|Any CPU
		{AA298BD8-61D9-4930-84A3-324DB03DD051}.Release|iPhone.Deploy.0 = Release|Any CPU
		{AA298BD8-61D9-4930-84A3-324DB03DD051}.Release|iPhoneSimulator.ActiveCfg = Release|Any CPU
		{AA298BD8-61D9-4930-84A3-324DB03DD051}.Release|iPhoneSimulator.Build.0 = Release|Any CPU
		{AA298BD8-61D9-4930-84A3-324DB03DD051}.Release|iPhoneSimulator.Deploy.0 = Release|Any CPU
		{3869AD70-E58E-4544-8AF3-4E2536408AF7}.Debug|Any CPU.ActiveCfg = Debug|iPhone
		{3869AD70-E58E-4544-8AF3-4E2536408AF7}.Debug|Any CPU.Build.0 = Debug|iPhone
		{3869AD70-E58E-4544-8AF3-4E2536408AF7}.Debug|Any CPU.Deploy.0 = Debug|iPhone
		{3869AD70-E58E-4544-8AF3-4E2536408AF7}.Debug|iPhone.ActiveCfg = Debug|iPhone
		{3869AD70-E58E-4544-8AF3-4E2536408AF7}.Debug|iPhone.Build.0 = Debug|iPhone
		{3869AD70-E58E-4544-8AF3-4E2536408AF7}.Debug|iPhone.Deploy.0 = Debug|iPhone
		{3869AD70-E58E-4544-8AF3-4E2536408AF7}.Debug|iPhoneSimulator.ActiveCfg = Debug|iPhoneSimulator
		{3869AD70-E58E-4544-8AF3-4E2536408AF7}.Debug|iPhoneSimulator.Build.0 = Debug|iPhoneSimulator
		{3869AD70-E58E-4544-8AF3-4E2536408AF7}.Debug|iPhoneSimulator.Deploy.0 = Debug|iPhoneSimulator
		{3869AD70-E58E-4544-8AF3-4E2536408AF7}.Release|Any CPU.ActiveCfg = Release|iPhone
		{3869AD70-E58E-4544-8AF3-4E2536408AF7}.Release|Any CPU.Build.0 = Release|iPhone
		{3869AD70-E58E-4544-8AF3-4E2536408AF7}.Release|Any CPU.Deploy.0 = Release|iPhone
		{3869AD70-E58E-4544-8AF3-4E2536408AF7}.Release|iPhone.ActiveCfg = Release|iPhone
		{3869AD70-E58E-4544-8AF3-4E2536408AF7}.Release|iPhone.Build.0 = Release|iPhone
		{3869AD70-E58E-4544-8AF3-4E2536408AF7}.Release|iPhone.Deploy.0 = Release|iPhone
		{3869AD70-E58E-4544-8AF3-4E2536408AF7}.Release|iPhoneSimulator.ActiveCfg = Release|iPhoneSimulator
		{3869AD70-E58E-4544-8AF3-4E2536408AF7}.Release|iPhoneSimulator.Build.0 = Release|iPhoneSimulator
		{3869AD70-E58E-4544-8AF3-4E2536408AF7}.Release|iPhoneSimulator.Deploy.0 = Release|iPhoneSimulator
		{E389E816-F04A-458E-B047-F3AB1B2C06E6}.Debug|Any CPU.ActiveCfg = Debug|Any CPU
		{E389E816-F04A-458E-B047-F3AB1B2C06E6}.Debug|Any CPU.Build.0 = Debug|Any CPU
		{E389E816-F04A-458E-B047-F3AB1B2C06E6}.Debug|Any CPU.Deploy.0 = Debug|Any CPU
		{E389E816-F04A-458E-B047-F3AB1B2C06E6}.Debug|iPhone.ActiveCfg = Debug|Any CPU
		{E389E816-F04A-458E-B047-F3AB1B2C06E6}.Debug|iPhone.Build.0 = Debug|Any CPU
		{E389E816-F04A-458E-B047-F3AB1B2C06E6}.Debug|iPhone.Deploy.0 = Debug|Any CPU
		{E389E816-F04A-458E-B047-F3AB1B2C06E6}.Debug|iPhoneSimulator.ActiveCfg = Debug|Any CPU
		{E389E816-F04A-458E-B047-F3AB1B2C06E6}.Debug|iPhoneSimulator.Build.0 = Debug|Any CPU
		{E389E816-F04A-458E-B047-F3AB1B2C06E6}.Debug|iPhoneSimulator.Deploy.0 = Debug|Any CPU
		{E389E816-F04A-458E-B047-F3AB1B2C06E6}.Release|Any CPU.ActiveCfg = Release|Any CPU
		{E389E816-F04A-458E-B047-F3AB1B2C06E6}.Release|Any CPU.Build.0 = Release|Any CPU
		{E389E816-F04A-458E-B047-F3AB1B2C06E6}.Release|Any CPU.Deploy.0 = Release|Any CPU
		{E389E816-F04A-458E-B047-F3AB1B2C06E6}.Release|iPhone.ActiveCfg = Release|Any CPU
		{E389E816-F04A-458E-B047-F3AB1B2C06E6}.Release|iPhone.Build.0 = Release|Any CPU
		{E389E816-F04A-458E-B047-F3AB1B2C06E6}.Release|iPhone.Deploy.0 = Release|Any CPU
		{E389E816-F04A-458E-B047-F3AB1B2C06E6}.Release|iPhoneSimulator.ActiveCfg = Release|Any CPU
		{E389E816-F04A-458E-B047-F3AB1B2C06E6}.Release|iPhoneSimulator.Build.0 = Release|Any CPU
		{E389E816-F04A-458E-B047-F3AB1B2C06E6}.Release|iPhoneSimulator.Deploy.0 = Release|Any CPU
	EndGlobalSection
	GlobalSection(SolutionProperties) = preSolution
		HideSolutionNode = FALSE
	EndGlobalSection
	GlobalSection(ExtensibilityGlobals) = postSolution
		SolutionGuid = {3C9C946B-E948-49B3-A9D3-05D938148875}
	EndGlobalSection
EndGlobal
